
Microsoft Visual Studio Solution File, Format Version 12.00
# Visual Studio Version 16
VisualStudioVersion = 16.0.31702.278
MinimumVisualStudioVersion = 10.0.40219.1
Project("{9A19103F-16F7-4668-BE54-9A1E7A4F7556}") = "randomWordGenerator", "randomWordGenerator.csproj", "{DEE61585-1EE8-4474-B150-4F7F37CF012F}"
EndProject
Global
	GlobalSection(SolutionConfigurationPlatforms) = preSolution
		Debug|Any CPU = Debug|Any CPU
		Release|Any CPU = Release|Any CPU
	EndGlobalSection
	GlobalSection(ProjectConfigurationPlatforms) = postSolution
		{DEE61585-1EE8-4474-B150-4F7F37CF012F}.Debug|Any CPU.ActiveCfg = Debug|Any CPU
		{DEE61585-1EE8-4474-B150-4F7F37CF012F}.Debug|Any CPU.Build.0 = Debug|Any CPU
		{DEE61585-1EE8-4474-B150-4F7F37CF012F}.Release|Any CPU.ActiveCfg = Release|Any CPU
		{DEE61585-1EE8-4474-B150-4F7F37CF012F}.Release|Any CPU.Build.0 = Release|Any CPU
	EndGlobalSection
	GlobalSection(SolutionProperties) = preSolution
		HideSolutionNode = FALSE
	EndGlobalSection
	GlobalSection(ExtensibilityGlobals) = postSolution
		SolutionGuid = {4A42DE08-856C-4B47-B442-FEA73EC7DDBC}
	EndGlobalSection
EndGlobal
